// !$*UTF8*$!
{
	archiveVersion = 1;
	classes = {
	};
	objectVersion = 50;
	objects = {

/* Begin PBXBuildFile section */
		0B9CFE26E468242D000E03D1 /* Pods_flix_demo_0UITests.framework in Frameworks */ = {isa = PBXBuildFile; fileRef = 017DD479DEB263E0AC9CFE35 /* Pods_flix_demo_0UITests.framework */; };
		15837F257D1EFE33AE859B8D /* Pods_flix_demo_0Tests.framework in Frameworks */ = {isa = PBXBuildFile; fileRef = F668EC630D31CD5E4ADD92CB /* Pods_flix_demo_0Tests.framework */; };
		2C1B1C232169B416002E82C1 /* DetailViewController.swift in Sources */ = {isa = PBXBuildFile; fileRef = 2C1B1C222169B416002E82C1 /* DetailViewController.swift */; };
		2C1B1C252169C0AA002E82C1 /* PosterCell.swift in Sources */ = {isa = PBXBuildFile; fileRef = 2C1B1C242169C0AA002E82C1 /* PosterCell.swift */; };
		2C1B1C272169C13E002E82C1 /* SuperHeroViewController.swift in Sources */ = {isa = PBXBuildFile; fileRef = 2C1B1C262169C13E002E82C1 /* SuperHeroViewController.swift */; };
		2C33DEDB213A47B200AC7E11 /* MovieCell.swift in Sources */ = {isa = PBXBuildFile; fileRef = 2C33DEDA213A47B200AC7E11 /* MovieCell.swift */; };
		2C9EDDB0213A392300294EEE /* ViewController.swift in Sources */ = {isa = PBXBuildFile; fileRef = 2C9EDDAF213A392300294EEE /* ViewController.swift */; };
		2CBA5BE4216AE95D00F86508 /* PosterDetailViewController.swift in Sources */ = {isa = PBXBuildFile; fileRef = 2CBA5BE3216AE95D00F86508 /* PosterDetailViewController.swift */; };
		2CF4E66A213A174B008F01EF /* AppDelegate.swift in Sources */ = {isa = PBXBuildFile; fileRef = 2CF4E669213A174B008F01EF /* AppDelegate.swift */; };
		2CF4E66F213A174B008F01EF /* Main.storyboard in Resources */ = {isa = PBXBuildFile; fileRef = 2CF4E66D213A174B008F01EF /* Main.storyboard */; };
		2CF4E671213A174C008F01EF /* Assets.xcassets in Resources */ = {isa = PBXBuildFile; fileRef = 2CF4E670213A174C008F01EF /* Assets.xcassets */; };
		2CF4E674213A174C008F01EF /* LaunchScreen.storyboard in Resources */ = {isa = PBXBuildFile; fileRef = 2CF4E672213A174C008F01EF /* LaunchScreen.storyboard */; };
		2CF4E67F213A174C008F01EF /* flix_demo_0Tests.swift in Sources */ = {isa = PBXBuildFile; fileRef = 2CF4E67E213A174C008F01EF /* flix_demo_0Tests.swift */; };
		2CF4E68A213A174C008F01EF /* flix_demo_0UITests.swift in Sources */ = {isa = PBXBuildFile; fileRef = 2CF4E689213A174C008F01EF /* flix_demo_0UITests.swift */; };
		9D4970A334486A58457F61F3 /* Pods_flix_demo_0.framework in Frameworks */ = {isa = PBXBuildFile; fileRef = 2C9E90D80C92562D01E6AD5D /* Pods_flix_demo_0.framework */; };
/* End PBXBuildFile section */

/* Begin PBXContainerItemProxy section */
		2CF4E67B213A174C008F01EF /* PBXContainerItemProxy */ = {
			isa = PBXContainerItemProxy;
			containerPortal = 2CF4E65E213A174B008F01EF /* Project object */;
			proxyType = 1;
			remoteGlobalIDString = 2CF4E665213A174B008F01EF;
			remoteInfo = flix_demo_0;
		};
		2CF4E686213A174C008F01EF /* PBXContainerItemProxy */ = {
			isa = PBXContainerItemProxy;
			containerPortal = 2CF4E65E213A174B008F01EF /* Project object */;
			proxyType = 1;
			remoteGlobalIDString = 2CF4E665213A174B008F01EF;
			remoteInfo = flix_demo_0;
		};
/* End PBXContainerItemProxy section */

/* Begin PBXFileReference section */
		017DD479DEB263E0AC9CFE35 /* Pods_flix_demo_0UITests.framework */ = {isa = PBXFileReference; explicitFileType = wrapper.framework; includeInIndex = 0; path = Pods_flix_demo_0UITests.framework; sourceTree = BUILT_PRODUCTS_DIR; };
		10005D818D0FD322A54758A6 /* Pods-flix_demo_0.debug.xcconfig */ = {isa = PBXFileReference; includeInIndex = 1; lastKnownFileType = text.xcconfig; name = "Pods-flix_demo_0.debug.xcconfig"; path = "Pods/Target Support Files/Pods-flix_demo_0/Pods-flix_demo_0.debug.xcconfig"; sourceTree = "<group>"; };
		20ADF105BFA3BDD4230EB7C7 /* Pods-flix_demo_0UITests.release.xcconfig */ = {isa = PBXFileReference; includeInIndex = 1; lastKnownFileType = text.xcconfig; name = "Pods-flix_demo_0UITests.release.xcconfig"; path = "Pods/Target Support Files/Pods-flix_demo_0UITests/Pods-flix_demo_0UITests.release.xcconfig"; sourceTree = "<group>"; };
		2C1B1C222169B416002E82C1 /* DetailViewController.swift */ = {isa = PBXFileReference; lastKnownFileType = sourcecode.swift; path = DetailViewController.swift; sourceTree = "<group>"; };
		2C1B1C242169C0AA002E82C1 /* PosterCell.swift */ = {isa = PBXFileReference; lastKnownFileType = sourcecode.swift; path = PosterCell.swift; sourceTree = "<group>"; };
		2C1B1C262169C13E002E82C1 /* SuperHeroViewController.swift */ = {isa = PBXFileReference; lastKnownFileType = sourcecode.swift; path = SuperHeroViewController.swift; sourceTree = "<group>"; };
		2C33DEDA213A47B200AC7E11 /* MovieCell.swift */ = {isa = PBXFileReference; lastKnownFileType = sourcecode.swift; path = MovieCell.swift; sourceTree = "<group>"; };
		2C9E90D80C92562D01E6AD5D /* Pods_flix_demo_0.framework */ = {isa = PBXFileReference; explicitFileType = wrapper.framework; includeInIndex = 0; path = Pods_flix_demo_0.framework; sourceTree = BUILT_PRODUCTS_DIR; };
		2C9EDDAF213A392300294EEE /* ViewController.swift */ = {isa = PBXFileReference; lastKnownFileType = sourcecode.swift; path = ViewController.swift; sourceTree = "<group>"; };
		2CBA5BE3216AE95D00F86508 /* PosterDetailViewController.swift */ = {isa = PBXFileReference; lastKnownFileType = sourcecode.swift; path = PosterDetailViewController.swift; sourceTree = "<group>"; };
		2CF4E666213A174B008F01EF /* flix_demo_0.app */ = {isa = PBXFileReference; explicitFileType = wrapper.application; includeInIndex = 0; path = flix_demo_0.app; sourceTree = BUILT_PRODUCTS_DIR; };
		2CF4E669213A174B008F01EF /* AppDelegate.swift */ = {isa = PBXFileReference; lastKnownFileType = sourcecode.swift; path = AppDelegate.swift; sourceTree = "<group>"; };
		2CF4E66E213A174B008F01EF /* Base */ = {isa = PBXFileReference; lastKnownFileType = file.storyboard; name = Base; path = Base.lproj/Main.storyboard; sourceTree = "<group>"; };
		2CF4E670213A174C008F01EF /* Assets.xcassets */ = {isa = PBXFileReference; lastKnownFileType = folder.assetcatalog; path = Assets.xcassets; sourceTree = "<group>"; };
		2CF4E673213A174C008F01EF /* Base */ = {isa = PBXFileReference; lastKnownFileType = file.storyboard; name = Base; path = Base.lproj/LaunchScreen.storyboard; sourceTree = "<group>"; };
		2CF4E675213A174C008F01EF /* Info.plist */ = {isa = PBXFileReference; lastKnownFileType = text.plist.xml; path = Info.plist; sourceTree = "<group>"; };
		2CF4E67A213A174C008F01EF /* flix_demo_0Tests.xctest */ = {isa = PBXFileReference; explicitFileType = wrapper.cfbundle; includeInIndex = 0; path = flix_demo_0Tests.xctest; sourceTree = BUILT_PRODUCTS_DIR; };
		2CF4E67E213A174C008F01EF /* flix_demo_0Tests.swift */ = {isa = PBXFileReference; lastKnownFileType = sourcecode.swift; path = flix_demo_0Tests.swift; sourceTree = "<group>"; };
		2CF4E680213A174C008F01EF /* Info.plist */ = {isa = PBXFileReference; lastKnownFileType = text.plist.xml; path = Info.plist; sourceTree = "<group>"; };
		2CF4E685213A174C008F01EF /* flix_demo_0UITests.xctest */ = {isa = PBXFileReference; explicitFileType = wrapper.cfbundle; includeInIndex = 0; path = flix_demo_0UITests.xctest; sourceTree = BUILT_PRODUCTS_DIR; };
		2CF4E689213A174C008F01EF /* flix_demo_0UITests.swift */ = {isa = PBXFileReference; lastKnownFileType = sourcecode.swift; path = flix_demo_0UITests.swift; sourceTree = "<group>"; };
		2CF4E68B213A174C008F01EF /* Info.plist */ = {isa = PBXFileReference; lastKnownFileType = text.plist.xml; path = Info.plist; sourceTree = "<group>"; };
		2F24223E625AD2DAE30473A1 /* Pods-flix_demo_0UITests.debug.xcconfig */ = {isa = PBXFileReference; includeInIndex = 1; lastKnownFileType = text.xcconfig; name = "Pods-flix_demo_0UITests.debug.xcconfig"; path = "Pods/Target Support Files/Pods-flix_demo_0UITests/Pods-flix_demo_0UITests.debug.xcconfig"; sourceTree = "<group>"; };
		6E98442AC42B217241CEE674 /* Pods-flix_demo_0.release.xcconfig */ = {isa = PBXFileReference; includeInIndex = 1; lastKnownFileType = text.xcconfig; name = "Pods-flix_demo_0.release.xcconfig"; path = "Pods/Target Support Files/Pods-flix_demo_0/Pods-flix_demo_0.release.xcconfig"; sourceTree = "<group>"; };
		9A9BA3A3AF0DFB424A23135D /* Pods-flix_demo_0Tests.release.xcconfig */ = {isa = PBXFileReference; includeInIndex = 1; lastKnownFileType = text.xcconfig; name = "Pods-flix_demo_0Tests.release.xcconfig"; path = "Pods/Target Support Files/Pods-flix_demo_0Tests/Pods-flix_demo_0Tests.release.xcconfig"; sourceTree = "<group>"; };
		C0A43FA99CDE0FEE26AB8A73 /* Pods-flix_demo_0Tests.debug.xcconfig */ = {isa = PBXFileReference; includeInIndex = 1; lastKnownFileType = text.xcconfig; name = "Pods-flix_demo_0Tests.debug.xcconfig"; path = "Pods/Target Support Files/Pods-flix_demo_0Tests/Pods-flix_demo_0Tests.debug.xcconfig"; sourceTree = "<group>"; };
		F668EC630D31CD5E4ADD92CB /* Pods_flix_demo_0Tests.framework */ = {isa = PBXFileReference; explicitFileType = wrapper.framework; includeInIndex = 0; path = Pods_flix_demo_0Tests.framework; sourceTree = BUILT_PRODUCTS_DIR; };
/* End PBXFileReference section */

/* Begin PBXFrameworksBuildPhase section */
		2CF4E663213A174B008F01EF /* Frameworks */ = {
			isa = PBXFrameworksBuildPhase;
			buildActionMask = 2147483647;
			files = (
				9D4970A334486A58457F61F3 /* Pods_flix_demo_0.framework in Frameworks */,
			);
			runOnlyForDeploymentPostprocessing = 0;
		};
		2CF4E677213A174C008F01EF /* Frameworks */ = {
			isa = PBXFrameworksBuildPhase;
			buildActionMask = 2147483647;
			files = (
				15837F257D1EFE33AE859B8D /* Pods_flix_demo_0Tests.framework in Frameworks */,
			);
			runOnlyForDeploymentPostprocessing = 0;
		};
		2CF4E682213A174C008F01EF /* Frameworks */ = {
			isa = PBXFrameworksBuildPhase;
			buildActionMask = 2147483647;
			files = (
				0B9CFE26E468242D000E03D1 /* Pods_flix_demo_0UITests.framework in Frameworks */,
			);
			runOnlyForDeploymentPostprocessing = 0;
		};
/* End PBXFrameworksBuildPhase section */

/* Begin PBXGroup section */
		2C1B1C202169B397002E82C1 /* ViewControllers */ = {
			isa = PBXGroup;
			children = (
				2C9EDDAF213A392300294EEE /* ViewController.swift */,
				2C1B1C222169B416002E82C1 /* DetailViewController.swift */,
				2C1B1C262169C13E002E82C1 /* SuperHeroViewController.swift */,
				2CBA5BE3216AE95D00F86508 /* PosterDetailViewController.swift */,
			);
			path = ViewControllers;
			sourceTree = "<group>";
		};
		2C1B1C212169B3C0002E82C1 /* Views */ = {
			isa = PBXGroup;
			children = (
				2C33DEDA213A47B200AC7E11 /* MovieCell.swift */,
				2C1B1C242169C0AA002E82C1 /* PosterCell.swift */,
			);
			path = Views;
			sourceTree = "<group>";
		};
		2CF4E65D213A174B008F01EF = {
			isa = PBXGroup;
			children = (
				2CF4E668213A174B008F01EF /* flix_demo_0 */,
				2CF4E67D213A174C008F01EF /* flix_demo_0Tests */,
				2CF4E688213A174C008F01EF /* flix_demo_0UITests */,
				2CF4E667213A174B008F01EF /* Products */,
				F713F1119141E7C74BF2DC32 /* Pods */,
				BC818AF1443A7F9366C5094B /* Frameworks */,
			);
			sourceTree = "<group>";
		};
		2CF4E667213A174B008F01EF /* Products */ = {
			isa = PBXGroup;
			children = (
				2CF4E666213A174B008F01EF /* flix_demo_0.app */,
				2CF4E67A213A174C008F01EF /* flix_demo_0Tests.xctest */,
				2CF4E685213A174C008F01EF /* flix_demo_0UITests.xctest */,
			);
			name = Products;
			sourceTree = "<group>";
		};
		2CF4E668213A174B008F01EF /* flix_demo_0 */ = {
			isa = PBXGroup;
			children = (
				2C1B1C212169B3C0002E82C1 /* Views */,
				2C1B1C202169B397002E82C1 /* ViewControllers */,
				2CF4E669213A174B008F01EF /* AppDelegate.swift */,
				2CF4E66D213A174B008F01EF /* Main.storyboard */,
				2CF4E670213A174C008F01EF /* Assets.xcassets */,
				2CF4E672213A174C008F01EF /* LaunchScreen.storyboard */,
				2CF4E675213A174C008F01EF /* Info.plist */,
			);
			path = flix_demo_0;
			sourceTree = "<group>";
		};
		2CF4E67D213A174C008F01EF /* flix_demo_0Tests */ = {
			isa = PBXGroup;
			children = (
				2CF4E67E213A174C008F01EF /* flix_demo_0Tests.swift */,
				2CF4E680213A174C008F01EF /* Info.plist */,
			);
			path = flix_demo_0Tests;
			sourceTree = "<group>";
		};
		2CF4E688213A174C008F01EF /* flix_demo_0UITests */ = {
			isa = PBXGroup;
			children = (
				2CF4E689213A174C008F01EF /* flix_demo_0UITests.swift */,
				2CF4E68B213A174C008F01EF /* Info.plist */,
			);
			path = flix_demo_0UITests;
			sourceTree = "<group>";
		};
		BC818AF1443A7F9366C5094B /* Frameworks */ = {
			isa = PBXGroup;
			children = (
				2C9E90D80C92562D01E6AD5D /* Pods_flix_demo_0.framework */,
				F668EC630D31CD5E4ADD92CB /* Pods_flix_demo_0Tests.framework */,
				017DD479DEB263E0AC9CFE35 /* Pods_flix_demo_0UITests.framework */,
			);
			name = Frameworks;
			sourceTree = "<group>";
		};
		F713F1119141E7C74BF2DC32 /* Pods */ = {
			isa = PBXGroup;
			children = (
				10005D818D0FD322A54758A6 /* Pods-flix_demo_0.debug.xcconfig */,
				6E98442AC42B217241CEE674 /* Pods-flix_demo_0.release.xcconfig */,
				C0A43FA99CDE0FEE26AB8A73 /* Pods-flix_demo_0Tests.debug.xcconfig */,
				9A9BA3A3AF0DFB424A23135D /* Pods-flix_demo_0Tests.release.xcconfig */,
				2F24223E625AD2DAE30473A1 /* Pods-flix_demo_0UITests.debug.xcconfig */,
				20ADF105BFA3BDD4230EB7C7 /* Pods-flix_demo_0UITests.release.xcconfig */,
			);
			name = Pods;
			sourceTree = "<group>";
		};
/* End PBXGroup section */

/* Begin PBXNativeTarget section */
		2CF4E665213A174B008F01EF /* flix_demo_0 */ = {
			isa = PBXNativeTarget;
			buildConfigurationList = 2CF4E68E213A174C008F01EF /* Build configuration list for PBXNativeTarget "flix_demo_0" */;
			buildPhases = (
				2A32A63D28BBB998D4EF6ED7 /* [CP] Check Pods Manifest.lock */,
				2CF4E662213A174B008F01EF /* Sources */,
				2CF4E663213A174B008F01EF /* Frameworks */,
				2CF4E664213A174B008F01EF /* Resources */,
				7F750A43EBD82FA231AB15A0 /* [CP] Embed Pods Frameworks */,
			);
			buildRules = (
			);
			dependencies = (
			);
			name = flix_demo_0;
			productName = flix_demo_0;
			productReference = 2CF4E666213A174B008F01EF /* flix_demo_0.app */;
			productType = "com.apple.product-type.application";
		};
		2CF4E679213A174C008F01EF /* flix_demo_0Tests */ = {
			isa = PBXNativeTarget;
			buildConfigurationList = 2CF4E691213A174C008F01EF /* Build configuration list for PBXNativeTarget "flix_demo_0Tests" */;
			buildPhases = (
				4985123D693FE494BABD00C5 /* [CP] Check Pods Manifest.lock */,
				2CF4E676213A174C008F01EF /* Sources */,
				2CF4E677213A174C008F01EF /* Frameworks */,
				2CF4E678213A174C008F01EF /* Resources */,
			);
			buildRules = (
			);
			dependencies = (
				2CF4E67C213A174C008F01EF /* PBXTargetDependency */,
			);
			name = flix_demo_0Tests;
			productName = flix_demo_0Tests;
			productReference = 2CF4E67A213A174C008F01EF /* flix_demo_0Tests.xctest */;
			productType = "com.apple.product-type.bundle.unit-test";
		};
		2CF4E684213A174C008F01EF /* flix_demo_0UITests */ = {
			isa = PBXNativeTarget;
			buildConfigurationList = 2CF4E694213A174C008F01EF /* Build configuration list for PBXNativeTarget "flix_demo_0UITests" */;
			buildPhases = (
				810ADF116C1D4F5677698926 /* [CP] Check Pods Manifest.lock */,
				2CF4E681213A174C008F01EF /* Sources */,
				2CF4E682213A174C008F01EF /* Frameworks */,
				2CF4E683213A174C008F01EF /* Resources */,
			);
			buildRules = (
			);
			dependencies = (
				2CF4E687213A174C008F01EF /* PBXTargetDependency */,
			);
			name = flix_demo_0UITests;
			productName = flix_demo_0UITests;
			productReference = 2CF4E685213A174C008F01EF /* flix_demo_0UITests.xctest */;
			productType = "com.apple.product-type.bundle.ui-testing";
		};
/* End PBXNativeTarget section */

/* Begin PBXProject section */
		2CF4E65E213A174B008F01EF /* Project object */ = {
			isa = PBXProject;
			attributes = {
				LastSwiftUpdateCheck = 0940;
				LastUpgradeCheck = 0940;
				ORGANIZATIONNAME = CodePath;
				TargetAttributes = {
					2CF4E665213A174B008F01EF = {
						CreatedOnToolsVersion = 9.4.1;
					};
					2CF4E679213A174C008F01EF = {
						CreatedOnToolsVersion = 9.4.1;
						TestTargetID = 2CF4E665213A174B008F01EF;
					};
					2CF4E684213A174C008F01EF = {
						CreatedOnToolsVersion = 9.4.1;
						TestTargetID = 2CF4E665213A174B008F01EF;
					};
				};
			};
			buildConfigurationList = 2CF4E661213A174B008F01EF /* Build configuration list for PBXProject "flix_demo_0" */;
			compatibilityVersion = "Xcode 9.3";
			developmentRegion = en;
			hasScannedForEncodings = 0;
			knownRegions = (
				en,
				Base,
			);
			mainGroup = 2CF4E65D213A174B008F01EF;
			productRefGroup = 2CF4E667213A174B008F01EF /* Products */;
			projectDirPath = "";
			projectRoot = "";
			targets = (
				2CF4E665213A174B008F01EF /* flix_demo_0 */,
				2CF4E679213A174C008F01EF /* flix_demo_0Tests */,
				2CF4E684213A174C008F01EF /* flix_demo_0UITests */,
			);
		};
/* End PBXProject section */

/* Begin PBXResourcesBuildPhase section */
		2CF4E664213A174B008F01EF /* Resources */ = {
			isa = PBXResourcesBuildPhase;
			buildActionMask = 2147483647;
			files = (
				2CF4E674213A174C008F01EF /* LaunchScreen.storyboard in Resources */,
				2CF4E671213A174C008F01EF /* Assets.xcassets in Resources */,
				2CF4E66F213A174B008F01EF /* Main.storyboard in Resources */,
			);
			runOnlyForDeploymentPostprocessing = 0;
		};
		2CF4E678213A174C008F01EF /* Resources */ = {
			isa = PBXResourcesBuildPhase;
			buildActionMask = 2147483647;
			files = (
			);
			runOnlyForDeploymentPostprocessing = 0;
		};
		2CF4E683213A174C008F01EF /* Resources */ = {
			isa = PBXResourcesBuildPhase;
			buildActionMask = 2147483647;
			files = (
			);
			runOnlyForDeploymentPostprocessing = 0;
		};
/* End PBXResourcesBuildPhase section */

/* Begin PBXShellScriptBuildPhase section */
		2A32A63D28BBB998D4EF6ED7 /* [CP] Check Pods Manifest.lock */ = {
			isa = PBXShellScriptBuildPhase;
			buildActionMask = 2147483647;
			files = (
			);
			inputPaths = (
				"${PODS_PODFILE_DIR_PATH}/Podfile.lock",
				"${PODS_ROOT}/Manifest.lock",
			);
			name = "[CP] Check Pods Manifest.lock";
			outputPaths = (
				"$(DERIVED_FILE_DIR)/Pods-flix_demo_0-checkManifestLockResult.txt",
			);
			runOnlyForDeploymentPostprocessing = 0;
			shellPath = /bin/sh;
			shellScript = "diff \"${PODS_PODFILE_DIR_PATH}/Podfile.lock\" \"${PODS_ROOT}/Manifest.lock\" > /dev/null\nif [ $? != 0 ] ; then\n    # print error to STDERR\n    echo \"error: The sandbox is not in sync with the Podfile.lock. Run 'pod install' or update your CocoaPods installation.\" >&2\n    exit 1\nfi\n# This output is used by Xcode 'outputs' to avoid re-running this script phase.\necho \"SUCCESS\" > \"${SCRIPT_OUTPUT_FILE_0}\"\n";
			showEnvVarsInLog = 0;
		};
		4985123D693FE494BABD00C5 /* [CP] Check Pods Manifest.lock */ = {
			isa = PBXShellScriptBuildPhase;
			buildActionMask = 2147483647;
			files = (
			);
			inputPaths = (
				"${PODS_PODFILE_DIR_PATH}/Podfile.lock",
				"${PODS_ROOT}/Manifest.lock",
			);
			name = "[CP] Check Pods Manifest.lock";
			outputPaths = (
				"$(DERIVED_FILE_DIR)/Pods-flix_demo_0Tests-checkManifestLockResult.txt",
			);
			runOnlyForDeploymentPostprocessing = 0;
			shellPath = /bin/sh;
			shellScript = "diff \"${PODS_PODFILE_DIR_PATH}/Podfile.lock\" \"${PODS_ROOT}/Manifest.lock\" > /dev/null\nif [ $? != 0 ] ; then\n    # print error to STDERR\n    echo \"error: The sandbox is not in sync with the Podfile.lock. Run 'pod install' or update your CocoaPods installation.\" >&2\n    exit 1\nfi\n# This output is used by Xcode 'outputs' to avoid re-running this script phase.\necho \"SUCCESS\" > \"${SCRIPT_OUTPUT_FILE_0}\"\n";
			showEnvVarsInLog = 0;
		};
		7F750A43EBD82FA231AB15A0 /* [CP] Embed Pods Frameworks */ = {
			isa = PBXShellScriptBuildPhase;
			buildActionMask = 2147483647;
			files = (
			);
			inputPaths = (
				"${SRCROOT}/Pods/Target Support Files/Pods-flix_demo_0/Pods-flix_demo_0-frameworks.sh",
				"${BUILT_PRODUCTS_DIR}/AFNetworking/AFNetworking.framework",
				"${BUILT_PRODUCTS_DIR}/APESuperHUD/APESuperHUD.framework",
				"${BUILT_PRODUCTS_DIR}/Alamofire/Alamofire.framework",
				"${BUILT_PRODUCTS_DIR}/AlamofireImage/AlamofireImage.framework",
				"${BUILT_PRODUCTS_DIR}/ReachabilitySwift/Reachability.framework",
			);
			name = "[CP] Embed Pods Frameworks";
			outputPaths = (
				"${TARGET_BUILD_DIR}/${FRAMEWORKS_FOLDER_PATH}/AFNetworking.framework",
				"${TARGET_BUILD_DIR}/${FRAMEWORKS_FOLDER_PATH}/APESuperHUD.framework",
				"${TARGET_BUILD_DIR}/${FRAMEWORKS_FOLDER_PATH}/Alamofire.framework",
				"${TARGET_BUILD_DIR}/${FRAMEWORKS_FOLDER_PATH}/AlamofireImage.framework",
				"${TARGET_BUILD_DIR}/${FRAMEWORKS_FOLDER_PATH}/Reachability.framework",
			);
			runOnlyForDeploymentPostprocessing = 0;
			shellPath = /bin/sh;
			shellScript = "\"${SRCROOT}/Pods/Target Support Files/Pods-flix_demo_0/Pods-flix_demo_0-frameworks.sh\"\n";
			showEnvVarsInLog = 0;
		};
		810ADF116C1D4F5677698926 /* [CP] Check Pods Manifest.lock */ = {
			isa = PBXShellScriptBuildPhase;
			buildActionMask = 2147483647;
			files = (
			);
			inputPaths = (
				"${PODS_PODFILE_DIR_PATH}/Podfile.lock",
				"${PODS_ROOT}/Manifest.lock",
			);
			name = "[CP] Check Pods Manifest.lock";
			outputPaths = (
				"$(DERIVED_FILE_DIR)/Pods-flix_demo_0UITests-checkManifestLockResult.txt",
			);
			runOnlyForDeploymentPostprocessing = 0;
			shellPath = /bin/sh;
			shellScript = "diff \"${PODS_PODFILE_DIR_PATH}/Podfile.lock\" \"${PODS_ROOT}/Manifest.lock\" > /dev/null\nif [ $? != 0 ] ; then\n    # print error to STDERR\n    echo \"error: The sandbox is not in sync with the Podfile.lock. Run 'pod install' or update your CocoaPods installation.\" >&2\n    exit 1\nfi\n# This output is used by Xcode 'outputs' to avoid re-running this script phase.\necho \"SUCCESS\" > \"${SCRIPT_OUTPUT_FILE_0}\"\n";
			showEnvVarsInLog = 0;
		};
/* End PBXShellScriptBuildPhase section */

/* Begin PBXSourcesBuildPhase section */
		2CF4E662213A174B008F01EF /* Sources */ = {
			isa = PBXSourcesBuildPhase;
			buildActionMask = 2147483647;
			files = (
				2C1B1C272169C13E002E82C1 /* SuperHeroViewController.swift in Sources */,
				2C9EDDB0213A392300294EEE /* ViewController.swift in Sources */,
				2C1B1C252169C0AA002E82C1 /* PosterCell.swift in Sources */,
				2CF4E66A213A174B008F01EF /* AppDelegate.swift in Sources */,
				2CBA5BE4216AE95D00F86508 /* PosterDetailViewController.swift in Sources */,
				2C33DEDB213A47B200AC7E11 /* MovieCell.swift in Sources */,
				2C1B1C232169B416002E82C1 /* DetailViewController.swift in Sources */,
			);
			runOnlyForDeploymentPostprocessing = 0;
		};
		2CF4E676213A174C008F01EF /* Sources */ = {
			isa = PBXSourcesBuildPhase;
			buildActionMask = 2147483647;
			files = (
				2CF4E67F213A174C008F01EF /* flix_demo_0Tests.swift in Sources */,
			);
			runOnlyForDeploymentPostprocessing = 0;
		};
		2CF4E681213A174C008F01EF /* Sources */ = {
			isa = PBXSourcesBuildPhase;
			buildActionMask = 2147483647;
			files = (
				2CF4E68A213A174C008F01EF /* flix_demo_0UITests.swift in Sources */,
			);
			runOnlyForDeploymentPostprocessing = 0;
		};
/* End PBXSourcesBuildPhase section */

/* Begin PBXTargetDependency section */
		2CF4E67C213A174C008F01EF /* PBXTargetDependency */ = {
			isa = PBXTargetDependency;
			target = 2CF4E665213A174B008F01EF /* flix_demo_0 */;
			targetProxy = 2CF4E67B213A174C008F01EF /* PBXContainerItemProxy */;
		};
		2CF4E687213A174C008F01EF /* PBXTargetDependency */ = {
			isa = PBXTargetDependency;
			target = 2CF4E665213A174B008F01EF /* flix_demo_0 */;
			targetProxy = 2CF4E686213A174C008F01EF /* PBXContainerItemProxy */;
		};
/* End PBXTargetDependency section */

/* Begin PBXVariantGroup section */
		2CF4E66D213A174B008F01EF /* Main.storyboard */ = {
			isa = PBXVariantGroup;
			children = (
				2CF4E66E213A174B008F01EF /* Base */,
			);
			name = Main.storyboard;
			sourceTree = "<group>";
		};
		2CF4E672213A174C008F01EF /* LaunchScreen.storyboard */ = {
			isa = PBXVariantGroup;
			children = (
				2CF4E673213A174C008F01EF /* Base */,
			);
			name = LaunchScreen.storyboard;
			sourceTree = "<group>";
		};
/* End PBXVariantGroup section */

/* Begin XCBuildConfiguration section */
		2CF4E68C213A174C008F01EF /* Debug */ = {
			isa = XCBuildConfiguration;
			buildSettings = {
				ALWAYS_SEARCH_USER_PATHS = NO;
				CLANG_ANALYZER_NONNULL = YES;
				CLANG_ANALYZER_NUMBER_OBJECT_CONVERSION = YES_AGGRESSIVE;
				CLANG_CXX_LANGUAGE_STANDARD = "gnu++14";
				CLANG_CXX_LIBRARY = "libc++";
				CLANG_ENABLE_MODULES = YES;
				CLANG_ENABLE_OBJC_ARC = YES;
				CLANG_ENABLE_OBJC_WEAK = YES;
				CLANG_WARN_BLOCK_CAPTURE_AUTORELEASING = YES;
				CLANG_WARN_BOOL_CONVERSION = YES;
				CLANG_WARN_COMMA = YES;
				CLANG_WARN_CONSTANT_CONVERSION = YES;
				CLANG_WARN_DEPRECATED_OBJC_IMPLEMENTATIONS = YES;
				CLANG_WARN_DIRECT_OBJC_ISA_USAGE = YES_ERROR;
				CLANG_WARN_DOCUMENTATION_COMMENTS = YES;
				CLANG_WARN_EMPTY_BODY = YES;
				CLANG_WARN_ENUM_CONVERSION = YES;
				CLANG_WARN_INFINITE_RECURSION = YES;
				CLANG_WARN_INT_CONVERSION = YES;
				CLANG_WARN_NON_LITERAL_NULL_CONVERSION = YES;
				CLANG_WARN_OBJC_IMPLICIT_RETAIN_SELF = YES;
				CLANG_WARN_OBJC_LITERAL_CONVERSION = YES;
				CLANG_WARN_OBJC_ROOT_CLASS = YES_ERROR;
				CLANG_WARN_RANGE_LOOP_ANALYSIS = YES;
				CLANG_WARN_STRICT_PROTOTYPES = YES;
				CLANG_WARN_SUSPICIOUS_MOVE = YES;
				CLANG_WARN_UNGUARDED_AVAILABILITY = YES_AGGRESSIVE;
				CLANG_WARN_UNREACHABLE_CODE = YES;
				CLANG_WARN__DUPLICATE_METHOD_MATCH = YES;
				CODE_SIGN_IDENTITY = "iPhone Developer";
				COPY_PHASE_STRIP = NO;
				DEBUG_INFORMATION_FORMAT = dwarf;
				ENABLE_STRICT_OBJC_MSGSEND = YES;
				ENABLE_TESTABILITY = YES;
				GCC_C_LANGUAGE_STANDARD = gnu11;
				GCC_DYNAMIC_NO_PIC = NO;
				GCC_NO_COMMON_BLOCKS = YES;
				GCC_OPTIMIZATION_LEVEL = 0;
				GCC_PREPROCESSOR_DEFINITIONS = (
					"DEBUG=1",
					"$(inherited)",
				);
				GCC_WARN_64_TO_32_BIT_CONVERSION = YES;
				GCC_WARN_ABOUT_RETURN_TYPE = YES_ERROR;
				GCC_WARN_UNDECLARED_SELECTOR = YES;
				GCC_WARN_UNINITIALIZED_AUTOS = YES_AGGRESSIVE;
				GCC_WARN_UNUSED_FUNCTION = YES;
				GCC_WARN_UNUSED_VARIABLE = YES;
				IPHONEOS_DEPLOYMENT_TARGET = 11.4;
				MTL_ENABLE_DEBUG_INFO = YES;
				ONLY_ACTIVE_ARCH = YES;
				SDKROOT = iphoneos;
				SWIFT_ACTIVE_COMPILATION_CONDITIONS = DEBUG;
				SWIFT_OPTIMIZATION_LEVEL = "-Onone";
			};
			name = Debug;
		};
		2CF4E68D213A174C008F01EF /* Release */ = {
			isa = XCBuildConfiguration;
			buildSettings = {
				ALWAYS_SEARCH_USER_PATHS = NO;
				CLANG_ANALYZER_NONNULL = YES;
				CLANG_ANALYZER_NUMBER_OBJECT_CONVERSION = YES_AGGRESSIVE;
				CLANG_CXX_LANGUAGE_STANDARD = "gnu++14";
				CLANG_CXX_LIBRARY = "libc++";
				CLANG_ENABLE_MODULES = YES;
				CLANG_ENABLE_OBJC_ARC = YES;
				CLANG_ENABLE_OBJC_WEAK = YES;
				CLANG_WARN_BLOCK_CAPTURE_AUTORELEASING = YES;
				CLANG_WARN_BOOL_CONVERSION = YES;
				CLANG_WARN_COMMA = YES;
				CLANG_WARN_CONSTANT_CONVERSION = YES;
				CLANG_WARN_DEPRECATED_OBJC_IMPLEMENTATIONS = YES;
				CLANG_WARN_DIRECT_OBJC_ISA_USAGE = YES_ERROR;
				CLANG_WARN_DOCUMENTATION_COMMENTS = YES;
				CLANG_WARN_EMPTY_BODY = YES;
				CLANG_WARN_ENUM_CONVERSION = YES;
				CLANG_WARN_INFINITE_RECURSION = YES;
				CLANG_WARN_INT_CONVERSION = YES;
				CLANG_WARN_NON_LITERAL_NULL_CONVERSION = YES;
				CLANG_WARN_OBJC_IMPLICIT_RETAIN_SELF = YES;
				CLANG_WARN_OBJC_LITERAL_CONVERSION = YES;
				CLANG_WARN_OBJC_ROOT_CLASS = YES_ERROR;
				CLANG_WARN_RANGE_LOOP_ANALYSIS = YES;
				CLANG_WARN_STRICT_PROTOTYPES = YES;
				CLANG_WARN_SUSPICIOUS_MOVE = YES;
				CLANG_WARN_UNGUARDED_AVAILABILITY = YES_AGGRESSIVE;
				CLANG_WARN_UNREACHABLE_CODE = YES;
				CLANG_WARN__DUPLICATE_METHOD_MATCH = YES;
				CODE_SIGN_IDENTITY = "iPhone Developer";
				COPY_PHASE_STRIP = NO;
				DEBUG_INFORMATION_FORMAT = "dwarf-with-dsym";
				ENABLE_NS_ASSERTIONS = NO;
				ENABLE_STRICT_OBJC_MSGSEND = YES;
				GCC_C_LANGUAGE_STANDARD = gnu11;
				GCC_NO_COMMON_BLOCKS = YES;
				GCC_WARN_64_TO_32_BIT_CONVERSION = YES;
				GCC_WARN_ABOUT_RETURN_TYPE = YES_ERROR;
				GCC_WARN_UNDECLARED_SELECTOR = YES;
				GCC_WARN_UNINITIALIZED_AUTOS = YES_AGGRESSIVE;
				GCC_WARN_UNUSED_FUNCTION = YES;
				GCC_WARN_UNUSED_VARIABLE = YES;
				IPHONEOS_DEPLOYMENT_TARGET = 11.4;
				MTL_ENABLE_DEBUG_INFO = NO;
				SDKROOT = iphoneos;
				SWIFT_COMPILATION_MODE = wholemodule;
				SWIFT_OPTIMIZATION_LEVEL = "-O";
				VALIDATE_PRODUCT = YES;
			};
			name = Release;
		};
		2CF4E68F213A174C008F01EF /* Debug */ = {
			isa = XCBuildConfiguration;
			baseConfigurationReference = 10005D818D0FD322A54758A6 /* Pods-flix_demo_0.debug.xcconfig */;
			buildSettings = {
				ASSETCATALOG_COMPILER_APPICON_NAME = AppIcon;
				CODE_SIGN_STYLE = Automatic;
				DEVELOPMENT_TEAM = 6YLS933F48;
				INFOPLIST_FILE = flix_demo_0/Info.plist;
				LD_RUNPATH_SEARCH_PATHS = (
					"$(inherited)",
					"@executable_path/Frameworks",
				);
				PRODUCT_BUNDLE_IDENTIFIER = "com.codepath.flix-demo-0";
				PRODUCT_NAME = "$(TARGET_NAME)";
				SWIFT_VERSION = 4.0;
				TARGETED_DEVICE_FAMILY = "1,2";
			};
			name = Debug;
		};
		2CF4E690213A174C008F01EF /* Release */ = {
			isa = XCBuildConfiguration;
			baseConfigurationReference = 6E98442AC42B217241CEE674 /* Pods-flix_demo_0.release.xcconfig */;
			buildSettings = {
				ASSETCATALOG_COMPILER_APPICON_NAME = AppIcon;
				CODE_SIGN_STYLE = Automatic;
				DEVELOPMENT_TEAM = 6YLS933F48;
				INFOPLIST_FILE = flix_demo_0/Info.plist;
				LD_RUNPATH_SEARCH_PATHS = (
					"$(inherited)",
					"@executable_path/Frameworks",
				);
				PRODUCT_BUNDLE_IDENTIFIER = "com.codepath.flix-demo-0";
				PRODUCT_NAME = "$(TARGET_NAME)";
				SWIFT_VERSION = 4.0;
				TARGETED_DEVICE_FAMILY = "1,2";
			};
			name = Release;
		};
		2CF4E692213A174C008F01EF /* Debug */ = {
			isa = XCBuildConfiguration;
			baseConfigurationReference = C0A43FA99CDE0FEE26AB8A73 /* Pods-flix_demo_0Tests.debug.xcconfig */;
			buildSettings = {
				ALWAYS_EMBED_SWIFT_STANDARD_LIBRARIES = YES;
				BUNDLE_LOADER = "$(TEST_HOST)";
				CODE_SIGN_STYLE = Automatic;
				DEVELOPMENT_TEAM = 6YLS933F48;
				INFOPLIST_FILE = flix_demo_0Tests/Info.plist;
				LD_RUNPATH_SEARCH_PATHS = (
					"$(inherited)",
					"@executable_path/Frameworks",
					"@loader_path/Frameworks",
				);
				PRODUCT_BUNDLE_IDENTIFIER = "com.codepath.flix-demo-0Tests";
				PRODUCT_NAME = "$(TARGET_NAME)";
				SWIFT_VERSION = 4.0;
				TARGETED_DEVICE_FAMILY = "1,2";
				TEST_HOST = "$(BUILT_PRODUCTS_DIR)/flix_demo_0.app/flix_demo_0";
			};
			name = Debug;
		};
		2CF4E693213A174C008F01EF /* Release */ = {
			isa = XCBuildConfiguration;
			baseConfigurationReference = 9A9BA3A3AF0DFB424A23135D /* Pods-flix_demo_0Tests.release.xcconfig */;
			buildSettings = {
				ALWAYS_EMBED_SWIFT_STANDARD_LIBRARIES = YES;
				BUNDLE_LOADER = "$(TEST_HOST)";
				CODE_SIGN_STYLE = Automatic;
				DEVELOPMENT_TEAM = 6YLS933F48;
				INFOPLIST_FILE = flix_demo_0Tests/Info.plist;
				LD_RUNPATH_SEARCH_PATHS = (
					"$(inherited)",
					"@executable_path/Frameworks",
					"@loader_path/Frameworks",
				);
				PRODUCT_BUNDLE_IDENTIFIER = "com.codepath.flix-demo-0Tests";
				PRODUCT_NAME = "$(TARGET_NAME)";
				SWIFT_VERSION = 4.0;
				TARGETED_DEVICE_FAMILY = "1,2";
				TEST_HOST = "$(BUILT_PRODUCTS_DIR)/flix_demo_0.app/flix_demo_0";
			};
			name = Release;
		};
		2CF4E695213A174C008F01EF /* Debug */ = {
			isa = XCBuildConfiguration;
			baseConfigurationReference = 2F24223E625AD2DAE30473A1 /* Pods-flix_demo_0UITests.debug.xcconfig */;
			buildSettings = {
				ALWAYS_EMBED_SWIFT_STANDARD_LIBRARIES = YES;
				CODE_SIGN_STYLE = Automatic;
				DEVELOPMENT_TEAM = 6YLS933F48;
				INFOPLIST_FILE = flix_demo_0UITests/Info.plist;
				LD_RUNPATH_SEARCH_PATHS = (
					"$(inherited)",
					"@executable_path/Frameworks",
					"@loader_path/Frameworks",
				);
				PRODUCT_BUNDLE_IDENTIFIER = "com.codepath.flix-demo-0UITests";
				PRODUCT_NAME = "$(TARGET_NAME)";
				SWIFT_VERSION = 4.0;
				TARGETED_DEVICE_FAMILY = "1,2";
				TEST_TARGET_NAME = flix_demo_0;
			};
			name = Debug;
		};
		2CF4E696213A174C008F01EF /* Release */ = {
			isa = XCBuildConfiguration;
			baseConfigurationReference = 20ADF105BFA3BDD4230EB7C7 /* Pods-flix_demo_0UITests.release.xcconfig */;
			buildSettings = {
				ALWAYS_EMBED_SWIFT_STANDARD_LIBRARIES = YES;
				CODE_SIGN_STYLE = Automatic;
				DEVELOPMENT_TEAM = 6YLS933F48;
				INFOPLIST_FILE = flix_demo_0UITests/Info.plist;
				LD_RUNPATH_SEARCH_PATHS = (
					"$(inherited)",
					"@executable_path/Frameworks",
					"@loader_path/Frameworks",
				);
				PRODUCT_BUNDLE_IDENTIFIER = "com.codepath.flix-demo-0UITests";
				PRODUCT_NAME = "$(TARGET_NAME)";
				SWIFT_VERSION = 4.0;
				TARGETED_DEVICE_FAMILY = "1,2";
				TEST_TARGET_NAME = flix_demo_0;
			};
			name = Release;
		};
/* End XCBuildConfiguration section */

/* Begin XCConfigurationList section */
		2CF4E661213A174B008F01EF /* Build configuration list for PBXProject "flix_demo_0" */ = {
			isa = XCConfigurationList;
			buildConfigurations = (
				2CF4E68C213A174C008F01EF /* Debug */,
				2CF4E68D213A174C008F01EF /* Release */,
			);
			defaultConfigurationIsVisible = 0;
			defaultConfigurationName = Release;
		};
		2CF4E68E213A174C008F01EF /* Build configuration list for PBXNativeTarget "flix_demo_0" */ = {
			isa = XCConfigurationList;
			buildConfigurations = (
				2CF4E68F213A174C008F01EF /* Debug */,
				2CF4E690213A174C008F01EF /* Release */,
			);
			defaultConfigurationIsVisible = 0;
			defaultConfigurationName = Release;
		};
		2CF4E691213A174C008F01EF /* Build configuration list for PBXNativeTarget "flix_demo_0Tests" */ = {
			isa = XCConfigurationList;
			buildConfigurations = (
				2CF4E692213A174C008F01EF /* Debug */,
				2CF4E693213A174C008F01EF /* Release */,
			);
			defaultConfigurationIsVisible = 0;
			defaultConfigurationName = Release;
		};
		2CF4E694213A174C008F01EF /* Build configuration list for PBXNativeTarget "flix_demo_0UITests" */ = {
			isa = XCConfigurationList;
			buildConfigurations = (
				2CF4E695213A174C008F01EF /* Debug */,
				2CF4E696213A174C008F01EF /* Release */,
			);
			defaultConfigurationIsVisible = 0;
			defaultConfigurationName = Release;
		};
/* End XCConfigurationList section */
	};
	rootObject = 2CF4E65E213A174B008F01EF /* Project object */;
}
